
Microsoft Visual Studio Solution File, Format Version 12.00
# Visual Studio 2013
VisualStudioVersion = 12.0.31101.0
MinimumVisualStudioVersion = 10.0.40219.1
Project("{FAE04EC0-301F-11D3-BF4B-00C04F79EFBC}") = "HelloCSharp", "HelloCSharp\HelloCSharp.csproj", "{2DBC545C-32AF-4AFD-84C5-3F0E0DB6B78A}"
EndProject
Project("{FAE04EC0-301F-11D3-BF4B-00C04F79EFBC}") = "PrintMyName", "PrintMyName\PrintMyName.csproj", "{3C1FC560-AED3-4AC5-BCB4-FBD3FF7FC6B8}"
EndProject
Project("{FAE04EC0-301F-11D3-BF4B-00C04F79EFBC}") = "PrintNumbers", "PrintNumbers\PrintNumbers.csproj", "{6448EAA4-2601-4A3A-A885-37B984261B26}"
EndProject
<<<<<<< HEAD
Project("{FAE04EC0-301F-11D3-BF4B-00C04F79EFBC}") = "SquareRoot", "SquareRoot\SquareRoot.csproj", "{8B7904D1-255B-4E28-BBD6-1BEBC5475B4F}"
EndProject
=======
>>>>>>> 6ffbfc2af3ae2762eabddda9cc07f06a1e67c8ab
Global
	GlobalSection(SolutionConfigurationPlatforms) = preSolution
		Debug|Any CPU = Debug|Any CPU
		Release|Any CPU = Release|Any CPU
	EndGlobalSection
	GlobalSection(ProjectConfigurationPlatforms) = postSolution
		{2DBC545C-32AF-4AFD-84C5-3F0E0DB6B78A}.Debug|Any CPU.ActiveCfg = Debug|Any CPU
		{2DBC545C-32AF-4AFD-84C5-3F0E0DB6B78A}.Debug|Any CPU.Build.0 = Debug|Any CPU
		{2DBC545C-32AF-4AFD-84C5-3F0E0DB6B78A}.Release|Any CPU.ActiveCfg = Release|Any CPU
		{2DBC545C-32AF-4AFD-84C5-3F0E0DB6B78A}.Release|Any CPU.Build.0 = Release|Any CPU
		{3C1FC560-AED3-4AC5-BCB4-FBD3FF7FC6B8}.Debug|Any CPU.ActiveCfg = Debug|Any CPU
		{3C1FC560-AED3-4AC5-BCB4-FBD3FF7FC6B8}.Debug|Any CPU.Build.0 = Debug|Any CPU
		{3C1FC560-AED3-4AC5-BCB4-FBD3FF7FC6B8}.Release|Any CPU.ActiveCfg = Release|Any CPU
		{3C1FC560-AED3-4AC5-BCB4-FBD3FF7FC6B8}.Release|Any CPU.Build.0 = Release|Any CPU
		{6448EAA4-2601-4A3A-A885-37B984261B26}.Debug|Any CPU.ActiveCfg = Debug|Any CPU
		{6448EAA4-2601-4A3A-A885-37B984261B26}.Debug|Any CPU.Build.0 = Debug|Any CPU
		{6448EAA4-2601-4A3A-A885-37B984261B26}.Release|Any CPU.ActiveCfg = Release|Any CPU
		{6448EAA4-2601-4A3A-A885-37B984261B26}.Release|Any CPU.Build.0 = Release|Any CPU
<<<<<<< HEAD
		{8B7904D1-255B-4E28-BBD6-1BEBC5475B4F}.Debug|Any CPU.ActiveCfg = Debug|Any CPU
		{8B7904D1-255B-4E28-BBD6-1BEBC5475B4F}.Debug|Any CPU.Build.0 = Debug|Any CPU
		{8B7904D1-255B-4E28-BBD6-1BEBC5475B4F}.Release|Any CPU.ActiveCfg = Release|Any CPU
		{8B7904D1-255B-4E28-BBD6-1BEBC5475B4F}.Release|Any CPU.Build.0 = Release|Any CPU
=======
>>>>>>> 6ffbfc2af3ae2762eabddda9cc07f06a1e67c8ab
	EndGlobalSection
	GlobalSection(SolutionProperties) = preSolution
		HideSolutionNode = FALSE
	EndGlobalSection
EndGlobal
